
Microsoft Visual Studio Solution File, Format Version 12.00
# Visual Studio 15
VisualStudioVersion = 15.0.27703.2035
MinimumVisualStudioVersion = 10.0.40219.1
Project("{FAE04EC0-301F-11D3-BF4B-00C04F79EFBC}") = "App01_ConsultarCEP.Android", "App01_ConsultarCEP\App01_ConsultarCEP.Android\App01_ConsultarCEP.Android.csproj", "{E868188A-DF0F-477F-8ACB-410630C01A3C}"
EndProject
Project("{FAE04EC0-301F-11D3-BF4B-00C04F79EFBC}") = "App01_ConsultarCEP.iOS", "App01_ConsultarCEP\App01_ConsultarCEP.iOS\App01_ConsultarCEP.iOS.csproj", "{741E2E3F-5FF5-43D6-8B00-7621717C651F}"
EndProject
Project("{FAE04EC0-301F-11D3-BF4B-00C04F79EFBC}") = "App01_ConsultarCEP.UWP", "App01_ConsultarCEP\App01_ConsultarCEP.UWP\App01_ConsultarCEP.UWP.csproj", "{97FDB493-10FF-49E2-B1BC-AD1FA4991856}"
EndProject
Project("{D954291E-2A0B-460D-934E-DC6B0785DB48}") = "App01_ConsultarCEP", "App01_ConsultarCEP\App01_ConsultarCEP\App01_ConsultarCEP.shproj", "{DBB145EF-4564-459C-9482-23C87B516075}"
EndProject
Global
	GlobalSection(SharedMSBuildProjectFiles) = preSolution
		App01_ConsultarCEP\App01_ConsultarCEP\App01_ConsultarCEP.projitems*{741e2e3f-5ff5-43d6-8b00-7621717c651f}*SharedItemsImports = 4
		App01_ConsultarCEP\App01_ConsultarCEP\App01_ConsultarCEP.projitems*{97fdb493-10ff-49e2-b1bc-ad1fa4991856}*SharedItemsImports = 4
		App01_ConsultarCEP\App01_ConsultarCEP\App01_ConsultarCEP.projitems*{dbb145ef-4564-459c-9482-23c87b516075}*SharedItemsImports = 13
		App01_ConsultarCEP\App01_ConsultarCEP\App01_ConsultarCEP.projitems*{e868188a-df0f-477f-8acb-410630c01a3c}*SharedItemsImports = 4
	EndGlobalSection
	GlobalSection(SolutionConfigurationPlatforms) = preSolution
		Ad-Hoc|Any CPU = Ad-Hoc|Any CPU
		Ad-Hoc|ARM = Ad-Hoc|ARM
		Ad-Hoc|iPhone = Ad-Hoc|iPhone
		Ad-Hoc|iPhoneSimulator = Ad-Hoc|iPhoneSimulator
		Ad-Hoc|x64 = Ad-Hoc|x64
		Ad-Hoc|x86 = Ad-Hoc|x86
		AppStore|Any CPU = AppStore|Any CPU
		AppStore|ARM = AppStore|ARM
		AppStore|iPhone = AppStore|iPhone
		AppStore|iPhoneSimulator = AppStore|iPhoneSimulator
		AppStore|x64 = AppStore|x64
		AppStore|x86 = AppStore|x86
		Debug|Any CPU = Debug|Any CPU
		Debug|ARM = Debug|ARM
		Debug|iPhone = Debug|iPhone
		Debug|iPhoneSimulator = Debug|iPhoneSimulator
		Debug|x64 = Debug|x64
		Debug|x86 = Debug|x86
		Release|Any CPU = Release|Any CPU
		Release|ARM = Release|ARM
		Release|iPhone = Release|iPhone
		Release|iPhoneSimulator = Release|iPhoneSimulator
		Release|x64 = Release|x64
		Release|x86 = Release|x86
	EndGlobalSection
	GlobalSection(ProjectConfigurationPlatforms) = postSolution
		{E868188A-DF0F-477F-8ACB-410630C01A3C}.Ad-Hoc|Any CPU.ActiveCfg = Release|Any CPU
		{E868188A-DF0F-477F-8ACB-410630C01A3C}.Ad-Hoc|Any CPU.Build.0 = Release|Any CPU
		{E868188A-DF0F-477F-8ACB-410630C01A3C}.Ad-Hoc|Any CPU.Deploy.0 = Release|Any CPU
		{E868188A-DF0F-477F-8ACB-410630C01A3C}.Ad-Hoc|ARM.ActiveCfg = Release|Any CPU
		{E868188A-DF0F-477F-8ACB-410630C01A3C}.Ad-Hoc|ARM.Build.0 = Release|Any CPU
		{E868188A-DF0F-477F-8ACB-410630C01A3C}.Ad-Hoc|ARM.Deploy.0 = Release|Any CPU
		{E868188A-DF0F-477F-8ACB-410630C01A3C}.Ad-Hoc|iPhone.ActiveCfg = Release|Any CPU
		{E868188A-DF0F-477F-8ACB-410630C01A3C}.Ad-Hoc|iPhone.Build.0 = Release|Any CPU
		{E868188A-DF0F-477F-8ACB-410630C01A3C}.Ad-Hoc|iPhone.Deploy.0 = Release|Any CPU
		{E868188A-DF0F-477F-8ACB-410630C01A3C}.Ad-Hoc|iPhoneSimulator.ActiveCfg = Release|Any CPU
		{E868188A-DF0F-477F-8ACB-410630C01A3C}.Ad-Hoc|iPhoneSimulator.Build.0 = Release|Any CPU
		{E868188A-DF0F-477F-8ACB-410630C01A3C}.Ad-Hoc|iPhoneSimulator.Deploy.0 = Release|Any CPU
		{E868188A-DF0F-477F-8ACB-410630C01A3C}.Ad-Hoc|x64.ActiveCfg = Release|Any CPU
		{E868188A-DF0F-477F-8ACB-410630C01A3C}.Ad-Hoc|x64.Build.0 = Release|Any CPU
		{E868188A-DF0F-477F-8ACB-410630C01A3C}.Ad-Hoc|x64.Deploy.0 = Release|Any CPU
		{E868188A-DF0F-477F-8ACB-410630C01A3C}.Ad-Hoc|x86.ActiveCfg = Release|Any CPU
		{E868188A-DF0F-477F-8ACB-410630C01A3C}.Ad-Hoc|x86.Build.0 = Release|Any CPU
		{E868188A-DF0F-477F-8ACB-410630C01A3C}.Ad-Hoc|x86.Deploy.0 = Release|Any CPU
		{E868188A-DF0F-477F-8ACB-410630C01A3C}.AppStore|Any CPU.ActiveCfg = Release|Any CPU
		{E868188A-DF0F-477F-8ACB-410630C01A3C}.AppStore|Any CPU.Build.0 = Release|Any CPU
		{E868188A-DF0F-477F-8ACB-410630C01A3C}.AppStore|Any CPU.Deploy.0 = Release|Any CPU
		{E868188A-DF0F-477F-8ACB-410630C01A3C}.AppStore|ARM.ActiveCfg = Release|Any CPU
		{E868188A-DF0F-477F-8ACB-410630C01A3C}.AppStore|ARM.Build.0 = Release|Any CPU
		{E868188A-DF0F-477F-8ACB-410630C01A3C}.AppStore|ARM.Deploy.0 = Release|Any CPU
		{E868188A-DF0F-477F-8ACB-410630C01A3C}.AppStore|iPhone.ActiveCfg = Release|Any CPU
		{E868188A-DF0F-477F-8ACB-410630C01A3C}.AppStore|iPhone.Build.0 = Release|Any CPU
		{E868188A-DF0F-477F-8ACB-410630C01A3C}.AppStore|iPhone.Deploy.0 = Release|Any CPU
		{E868188A-DF0F-477F-8ACB-410630C01A3C}.AppStore|iPhoneSimulator.ActiveCfg = Release|Any CPU
		{E868188A-DF0F-477F-8ACB-410630C01A3C}.AppStore|iPhoneSimulator.Build.0 = Release|Any CPU
		{E868188A-DF0F-477F-8ACB-410630C01A3C}.AppStore|iPhoneSimulator.Deploy.0 = Release|Any CPU
		{E868188A-DF0F-477F-8ACB-410630C01A3C}.AppStore|x64.ActiveCfg = Release|Any CPU
		{E868188A-DF0F-477F-8ACB-410630C01A3C}.AppStore|x64.Build.0 = Release|Any CPU
		{E868188A-DF0F-477F-8ACB-410630C01A3C}.AppStore|x64.Deploy.0 = Release|Any CPU
		{E868188A-DF0F-477F-8ACB-410630C01A3C}.AppStore|x86.ActiveCfg = Release|Any CPU
		{E868188A-DF0F-477F-8ACB-410630C01A3C}.AppStore|x86.Build.0 = Release|Any CPU
		{E868188A-DF0F-477F-8ACB-410630C01A3C}.AppStore|x86.Deploy.0 = Release|Any CPU
		{E868188A-DF0F-477F-8ACB-410630C01A3C}.Debug|Any CPU.ActiveCfg = Debug|Any CPU
		{E868188A-DF0F-477F-8ACB-410630C01A3C}.Debug|Any CPU.Build.0 = Debug|Any CPU
		{E868188A-DF0F-477F-8ACB-410630C01A3C}.Debug|Any CPU.Deploy.0 = Debug|Any CPU
		{E868188A-DF0F-477F-8ACB-410630C01A3C}.Debug|ARM.ActiveCfg = Debug|Any CPU
		{E868188A-DF0F-477F-8ACB-410630C01A3C}.Debug|ARM.Build.0 = Debug|Any CPU
		{E868188A-DF0F-477F-8ACB-410630C01A3C}.Debug|ARM.Deploy.0 = Debug|Any CPU
		{E868188A-DF0F-477F-8ACB-410630C01A3C}.Debug|iPhone.ActiveCfg = Debug|Any CPU
		{E868188A-DF0F-477F-8ACB-410630C01A3C}.Debug|iPhone.Build.0 = Debug|Any CPU
		{E868188A-DF0F-477F-8ACB-410630C01A3C}.Debug|iPhone.Deploy.0 = Debug|Any CPU
		{E868188A-DF0F-477F-8ACB-410630C01A3C}.Debug|iPhoneSimulator.ActiveCfg = Debug|Any CPU
		{E868188A-DF0F-477F-8ACB-410630C01A3C}.Debug|iPhoneSimulator.Build.0 = Debug|Any CPU
		{E868188A-DF0F-477F-8ACB-410630C01A3C}.Debug|iPhoneSimulator.Deploy.0 = Debug|Any CPU
		{E868188A-DF0F-477F-8ACB-410630C01A3C}.Debug|x64.ActiveCfg = Debug|Any CPU
		{E868188A-DF0F-477F-8ACB-410630C01A3C}.Debug|x64.Build.0 = Debug|Any CPU
		{E868188A-DF0F-477F-8ACB-410630C01A3C}.Debug|x64.Deploy.0 = Debug|Any CPU
		{E868188A-DF0F-477F-8ACB-410630C01A3C}.Debug|x86.ActiveCfg = Debug|Any CPU
		{E868188A-DF0F-477F-8ACB-410630C01A3C}.Debug|x86.Build.0 = Debug|Any CPU
		{E868188A-DF0F-477F-8ACB-410630C01A3C}.Debug|x86.Deploy.0 = Debug|Any CPU
		{E868188A-DF0F-477F-8ACB-410630C01A3C}.Release|Any CPU.ActiveCfg = Release|Any CPU
		{E868188A-DF0F-477F-8ACB-410630C01A3C}.Release|Any CPU.Build.0 = Release|Any CPU
		{E868188A-DF0F-477F-8ACB-410630C01A3C}.Release|Any CPU.Deploy.0 = Release|Any CPU
		{E868188A-DF0F-477F-8ACB-410630C01A3C}.Release|ARM.ActiveCfg = Release|Any CPU
		{E868188A-DF0F-477F-8ACB-410630C01A3C}.Release|ARM.Build.0 = Release|Any CPU
		{E868188A-DF0F-477F-8ACB-410630C01A3C}.Release|ARM.Deploy.0 = Release|Any CPU
		{E868188A-DF0F-477F-8ACB-410630C01A3C}.Release|iPhone.ActiveCfg = Release|Any CPU
		{E868188A-DF0F-477F-8ACB-410630C01A3C}.Release|iPhone.Build.0 = Release|Any CPU
		{E868188A-DF0F-477F-8ACB-410630C01A3C}.Release|iPhone.Deploy.0 = Release|Any CPU
		{E868188A-DF0F-477F-8ACB-410630C01A3C}.Release|iPhoneSimulator.ActiveCfg = Release|Any CPU
		{E868188A-DF0F-477F-8ACB-410630C01A3C}.Release|iPhoneSimulator.Build.0 = Release|Any CPU
		{E868188A-DF0F-477F-8ACB-410630C01A3C}.Release|iPhoneSimulator.Deploy.0 = Release|Any CPU
		{E868188A-DF0F-477F-8ACB-410630C01A3C}.Release|x64.ActiveCfg = Release|Any CPU
		{E868188A-DF0F-477F-8ACB-410630C01A3C}.Release|x64.Build.0 = Release|Any CPU
		{E868188A-DF0F-477F-8ACB-410630C01A3C}.Release|x64.Deploy.0 = Release|Any CPU
		{E868188A-DF0F-477F-8ACB-410630C01A3C}.Release|x86.ActiveCfg = Release|Any CPU
		{E868188A-DF0F-477F-8ACB-410630C01A3C}.Release|x86.Build.0 = Release|Any CPU
		{E868188A-DF0F-477F-8ACB-410630C01A3C}.Release|x86.Deploy.0 = Release|Any CPU
		{741E2E3F-5FF5-43D6-8B00-7621717C651F}.Ad-Hoc|Any CPU.ActiveCfg = Ad-Hoc|iPhone
		{741E2E3F-5FF5-43D6-8B00-7621717C651F}.Ad-Hoc|Any CPU.Build.0 = Ad-Hoc|iPhone
		{741E2E3F-5FF5-43D6-8B00-7621717C651F}.Ad-Hoc|Any CPU.Deploy.0 = Ad-Hoc|iPhone
		{741E2E3F-5FF5-43D6-8B00-7621717C651F}.Ad-Hoc|ARM.ActiveCfg = Ad-Hoc|iPhone
		{741E2E3F-5FF5-43D6-8B00-7621717C651F}.Ad-Hoc|ARM.Build.0 = Ad-Hoc|iPhone
		{741E2E3F-5FF5-43D6-8B00-7621717C651F}.Ad-Hoc|ARM.Deploy.0 = Ad-Hoc|iPhone
		{741E2E3F-5FF5-43D6-8B00-7621717C651F}.Ad-Hoc|iPhone.ActiveCfg = Ad-Hoc|iPhone
		{741E2E3F-5FF5-43D6-8B00-7621717C651F}.Ad-Hoc|iPhone.Build.0 = Ad-Hoc|iPhone
		{741E2E3F-5FF5-43D6-8B00-7621717C651F}.Ad-Hoc|iPhone.Deploy.0 = Ad-Hoc|iPhone
		{741E2E3F-5FF5-43D6-8B00-7621717C651F}.Ad-Hoc|iPhoneSimulator.ActiveCfg = Ad-Hoc|iPhoneSimulator
		{741E2E3F-5FF5-43D6-8B00-7621717C651F}.Ad-Hoc|iPhoneSimulator.Build.0 = Ad-Hoc|iPhoneSimulator
		{741E2E3F-5FF5-43D6-8B00-7621717C651F}.Ad-Hoc|iPhoneSimulator.Deploy.0 = Ad-Hoc|iPhoneSimulator
		{741E2E3F-5FF5-43D6-8B00-7621717C651F}.Ad-Hoc|x64.ActiveCfg = Ad-Hoc|iPhone
		{741E2E3F-5FF5-43D6-8B00-7621717C651F}.Ad-Hoc|x64.Build.0 = Ad-Hoc|iPhone
		{741E2E3F-5FF5-43D6-8B00-7621717C651F}.Ad-Hoc|x64.Deploy.0 = Ad-Hoc|iPhone
		{741E2E3F-5FF5-43D6-8B00-7621717C651F}.Ad-Hoc|x86.ActiveCfg = Ad-Hoc|iPhone
		{741E2E3F-5FF5-43D6-8B00-7621717C651F}.Ad-Hoc|x86.Build.0 = Ad-Hoc|iPhone
		{741E2E3F-5FF5-43D6-8B00-7621717C651F}.Ad-Hoc|x86.Deploy.0 = Ad-Hoc|iPhone
		{741E2E3F-5FF5-43D6-8B00-7621717C651F}.AppStore|Any CPU.ActiveCfg = AppStore|iPhone
		{741E2E3F-5FF5-43D6-8B00-7621717C651F}.AppStore|Any CPU.Build.0 = AppStore|iPhone
		{741E2E3F-5FF5-43D6-8B00-7621717C651F}.AppStore|Any CPU.Deploy.0 = AppStore|iPhone
		{741E2E3F-5FF5-43D6-8B00-7621717C651F}.AppStore|ARM.ActiveCfg = AppStore|iPhone
		{741E2E3F-5FF5-43D6-8B00-7621717C651F}.AppStore|ARM.Build.0 = AppStore|iPhone
		{741E2E3F-5FF5-43D6-8B00-7621717C651F}.AppStore|ARM.Deploy.0 = AppStore|iPhone
		{741E2E3F-5FF5-43D6-8B00-7621717C651F}.AppStore|iPhone.ActiveCfg = AppStore|iPhone
		{741E2E3F-5FF5-43D6-8B00-7621717C651F}.AppStore|iPhone.Build.0 = AppStore|iPhone
		{741E2E3F-5FF5-43D6-8B00-7621717C651F}.AppStore|iPhone.Deploy.0 = AppStore|iPhone
		{741E2E3F-5FF5-43D6-8B00-7621717C651F}.AppStore|iPhoneSimulator.ActiveCfg = AppStore|iPhoneSimulator
		{741E2E3F-5FF5-43D6-8B00-7621717C651F}.AppStore|iPhoneSimulator.Build.0 = AppStore|iPhoneSimulator
		{741E2E3F-5FF5-43D6-8B00-7621717C651F}.AppStore|iPhoneSimulator.Deploy.0 = AppStore|iPhoneSimulator
		{741E2E3F-5FF5-43D6-8B00-7621717C651F}.AppStore|x64.ActiveCfg = AppStore|iPhone
		{741E2E3F-5FF5-43D6-8B00-7621717C651F}.AppStore|x64.Build.0 = AppStore|iPhone
		{741E2E3F-5FF5-43D6-8B00-7621717C651F}.AppStore|x64.Deploy.0 = AppStore|iPhone
		{741E2E3F-5FF5-43D6-8B00-7621717C651F}.AppStore|x86.ActiveCfg = AppStore|iPhone
		{741E2E3F-5FF5-43D6-8B00-7621717C651F}.AppStore|x86.Build.0 = AppStore|iPhone
		{741E2E3F-5FF5-43D6-8B00-7621717C651F}.AppStore|x86.Deploy.0 = AppStore|iPhone
		{741E2E3F-5FF5-43D6-8B00-7621717C651F}.Debug|Any CPU.ActiveCfg = Debug|iPhoneSimulator
		{741E2E3F-5FF5-43D6-8B00-7621717C651F}.Debug|Any CPU.Build.0 = Debug|iPhoneSimulator
		{741E2E3F-5FF5-43D6-8B00-7621717C651F}.Debug|Any CPU.Deploy.0 = Debug|iPhoneSimulator
		{741E2E3F-5FF5-43D6-8B00-7621717C651F}.Debug|ARM.ActiveCfg = Debug|iPhone
		{741E2E3F-5FF5-43D6-8B00-7621717C651F}.Debug|ARM.Build.0 = Debug|iPhone
		{741E2E3F-5FF5-43D6-8B00-7621717C651F}.Debug|ARM.Deploy.0 = Debug|iPhone
		{741E2E3F-5FF5-43D6-8B00-7621717C651F}.Debug|iPhone.ActiveCfg = Debug|iPhone
		{741E2E3F-5FF5-43D6-8B00-7621717C651F}.Debug|iPhone.Build.0 = Debug|iPhone
		{741E2E3F-5FF5-43D6-8B00-7621717C651F}.Debug|iPhone.Deploy.0 = Debug|iPhone
		{741E2E3F-5FF5-43D6-8B00-7621717C651F}.Debug|iPhoneSimulator.ActiveCfg = Debug|iPhoneSimulator
		{741E2E3F-5FF5-43D6-8B00-7621717C651F}.Debug|iPhoneSimulator.Build.0 = Debug|iPhoneSimulator
		{741E2E3F-5FF5-43D6-8B00-7621717C651F}.Debug|iPhoneSimulator.Deploy.0 = Debug|iPhoneSimulator
		{741E2E3F-5FF5-43D6-8B00-7621717C651F}.Debug|x64.ActiveCfg = Debug|iPhone
		{741E2E3F-5FF5-43D6-8B00-7621717C651F}.Debug|x64.Build.0 = Debug|iPhone
		{741E2E3F-5FF5-43D6-8B00-7621717C651F}.Debug|x64.Deploy.0 = Debug|iPhone
		{741E2E3F-5FF5-43D6-8B00-7621717C651F}.Debug|x86.ActiveCfg = Debug|iPhone
		{741E2E3F-5FF5-43D6-8B00-7621717C651F}.Debug|x86.Build.0 = Debug|iPhone
		{741E2E3F-5FF5-43D6-8B00-7621717C651F}.Debug|x86.Deploy.0 = Debug|iPhone
		{741E2E3F-5FF5-43D6-8B00-7621717C651F}.Release|Any CPU.ActiveCfg = Release|iPhone
		{741E2E3F-5FF5-43D6-8B00-7621717C651F}.Release|Any CPU.Build.0 = Release|iPhone
		{741E2E3F-5FF5-43D6-8B00-7621717C651F}.Release|Any CPU.Deploy.0 = Release|iPhone
		{741E2E3F-5FF5-43D6-8B00-7621717C651F}.Release|ARM.ActiveCfg = Release|iPhone
		{741E2E3F-5FF5-43D6-8B00-7621717C651F}.Release|ARM.Build.0 = Release|iPhone
		{741E2E3F-5FF5-43D6-8B00-7621717C651F}.Release|ARM.Deploy.0 = Release|iPhone
		{741E2E3F-5FF5-43D6-8B00-7621717C651F}.Release|iPhone.ActiveCfg = Release|iPhone
		{741E2E3F-5FF5-43D6-8B00-7621717C651F}.Release|iPhone.Build.0 = Release|iPhone
		{741E2E3F-5FF5-43D6-8B00-7621717C651F}.Release|iPhone.Deploy.0 = Release|iPhone
		{741E2E3F-5FF5-43D6-8B00-7621717C651F}.Release|iPhoneSimulator.ActiveCfg = Release|iPhoneSimulator
		{741E2E3F-5FF5-43D6-8B00-7621717C651F}.Release|iPhoneSimulator.Build.0 = Release|iPhoneSimulator
		{741E2E3F-5FF5-43D6-8B00-7621717C651F}.Release|iPhoneSimulator.Deploy.0 = Release|iPhoneSimulator
		{741E2E3F-5FF5-43D6-8B00-7621717C651F}.Release|x64.ActiveCfg = Release|iPhone
		{741E2E3F-5FF5-43D6-8B00-7621717C651F}.Release|x64.Build.0 = Release|iPhone
		{741E2E3F-5FF5-43D6-8B00-7621717C651F}.Release|x64.Deploy.0 = Release|iPhone
		{741E2E3F-5FF5-43D6-8B00-7621717C651F}.Release|x86.ActiveCfg = Release|iPhone
		{741E2E3F-5FF5-43D6-8B00-7621717C651F}.Release|x86.Build.0 = Release|iPhone
		{741E2E3F-5FF5-43D6-8B00-7621717C651F}.Release|x86.Deploy.0 = Release|iPhone
		{97FDB493-10FF-49E2-B1BC-AD1FA4991856}.Ad-Hoc|Any CPU.ActiveCfg = Release|x86
		{97FDB493-10FF-49E2-B1BC-AD1FA4991856}.Ad-Hoc|Any CPU.Build.0 = Release|x86
		{97FDB493-10FF-49E2-B1BC-AD1FA4991856}.Ad-Hoc|Any CPU.Deploy.0 = Release|x86
		{97FDB493-10FF-49E2-B1BC-AD1FA4991856}.Ad-Hoc|ARM.ActiveCfg = Release|ARM
		{97FDB493-10FF-49E2-B1BC-AD1FA4991856}.Ad-Hoc|ARM.Build.0 = Release|ARM
		{97FDB493-10FF-49E2-B1BC-AD1FA4991856}.Ad-Hoc|ARM.Deploy.0 = Release|ARM
		{97FDB493-10FF-49E2-B1BC-AD1FA4991856}.Ad-Hoc|iPhone.ActiveCfg = Release|x86
		{97FDB493-10FF-49E2-B1BC-AD1FA4991856}.Ad-Hoc|iPhone.Build.0 = Release|x86
		{97FDB493-10FF-49E2-B1BC-AD1FA4991856}.Ad-Hoc|iPhone.Deploy.0 = Release|x86
		{97FDB493-10FF-49E2-B1BC-AD1FA4991856}.Ad-Hoc|iPhoneSimulator.ActiveCfg = Release|x86
		{97FDB493-10FF-49E2-B1BC-AD1FA4991856}.Ad-Hoc|iPhoneSimulator.Build.0 = Release|x86
		{97FDB493-10FF-49E2-B1BC-AD1FA4991856}.Ad-Hoc|iPhoneSimulator.Deploy.0 = Release|x86
		{97FDB493-10FF-49E2-B1BC-AD1FA4991856}.Ad-Hoc|x64.ActiveCfg = Release|x64
		{97FDB493-10FF-49E2-B1BC-AD1FA4991856}.Ad-Hoc|x64.Build.0 = Release|x64
		{97FDB493-10FF-49E2-B1BC-AD1FA4991856}.Ad-Hoc|x64.Deploy.0 = Release|x64
		{97FDB493-10FF-49E2-B1BC-AD1FA4991856}.Ad-Hoc|x86.ActiveCfg = Release|x86
		{97FDB493-10FF-49E2-B1BC-AD1FA4991856}.Ad-Hoc|x86.Build.0 = Release|x86
		{97FDB493-10FF-49E2-B1BC-AD1FA4991856}.Ad-Hoc|x86.Deploy.0 = Release|x86
		{97FDB493-10FF-49E2-B1BC-AD1FA4991856}.AppStore|Any CPU.ActiveCfg = Release|x86
		{97FDB493-10FF-49E2-B1BC-AD1FA4991856}.AppStore|Any CPU.Build.0 = Release|x86
		{97FDB493-10FF-49E2-B1BC-AD1FA4991856}.AppStore|Any CPU.Deploy.0 = Release|x86
		{97FDB493-10FF-49E2-B1BC-AD1FA4991856}.AppStore|ARM.ActiveCfg = Release|ARM
		{97FDB493-10FF-49E2-B1BC-AD1FA4991856}.AppStore|ARM.Build.0 = Release|ARM
		{97FDB493-10FF-49E2-B1BC-AD1FA4991856}.AppStore|ARM.Deploy.0 = Release|ARM
		{97FDB493-10FF-49E2-B1BC-AD1FA4991856}.AppStore|iPhone.ActiveCfg = Release|x86
		{97FDB493-10FF-49E2-B1BC-AD1FA4991856}.AppStore|iPhone.Build.0 = Release|x86
		{97FDB493-10FF-49E2-B1BC-AD1FA4991856}.AppStore|iPhone.Deploy.0 = Release|x86
		{97FDB493-10FF-49E2-B1BC-AD1FA4991856}.AppStore|iPhoneSimulator.ActiveCfg = Release|x86
		{97FDB493-10FF-49E2-B1BC-AD1FA4991856}.AppStore|iPhoneSimulator.Build.0 = Release|x86
		{97FDB493-10FF-49E2-B1BC-AD1FA4991856}.AppStore|iPhoneSimulator.Deploy.0 = Release|x86
		{97FDB493-10FF-49E2-B1BC-AD1FA4991856}.AppStore|x64.ActiveCfg = Release|x64
		{97FDB493-10FF-49E2-B1BC-AD1FA4991856}.AppStore|x64.Build.0 = Release|x64
		{97FDB493-10FF-49E2-B1BC-AD1FA4991856}.AppStore|x64.Deploy.0 = Release|x64
		{97FDB493-10FF-49E2-B1BC-AD1FA4991856}.AppStore|x86.ActiveCfg = Release|x86
		{97FDB493-10FF-49E2-B1BC-AD1FA4991856}.AppStore|x86.Build.0 = Release|x86
		{97FDB493-10FF-49E2-B1BC-AD1FA4991856}.AppStore|x86.Deploy.0 = Release|x86
		{97FDB493-10FF-49E2-B1BC-AD1FA4991856}.Debug|Any CPU.ActiveCfg = Debug|x86
		{97FDB493-10FF-49E2-B1BC-AD1FA4991856}.Debug|Any CPU.Build.0 = Debug|x86
		{97FDB493-10FF-49E2-B1BC-AD1FA4991856}.Debug|Any CPU.Deploy.0 = Debug|x86
		{97FDB493-10FF-49E2-B1BC-AD1FA4991856}.Debug|ARM.ActiveCfg = Debug|ARM
		{97FDB493-10FF-49E2-B1BC-AD1FA4991856}.Debug|ARM.Build.0 = Debug|ARM
		{97FDB493-10FF-49E2-B1BC-AD1FA4991856}.Debug|ARM.Deploy.0 = Debug|ARM
		{97FDB493-10FF-49E2-B1BC-AD1FA4991856}.Debug|iPhone.ActiveCfg = Debug|x86
		{97FDB493-10FF-49E2-B1BC-AD1FA4991856}.Debug|iPhone.Build.0 = Debug|x86
		{97FDB493-10FF-49E2-B1BC-AD1FA4991856}.Debug|iPhone.Deploy.0 = Debug|x86
		{97FDB493-10FF-49E2-B1BC-AD1FA4991856}.Debug|iPhoneSimulator.ActiveCfg = Debug|x86
		{97FDB493-10FF-49E2-B1BC-AD1FA4991856}.Debug|iPhoneSimulator.Build.0 = Debug|x86
		{97FDB493-10FF-49E2-B1BC-AD1FA4991856}.Debug|iPhoneSimulator.Deploy.0 = Debug|x86
		{97FDB493-10FF-49E2-B1BC-AD1FA4991856}.Debug|x64.ActiveCfg = Debug|x64
		{97FDB493-10FF-49E2-B1BC-AD1FA4991856}.Debug|x64.Build.0 = Debug|x64
		{97FDB493-10FF-49E2-B1BC-AD1FA4991856}.Debug|x64.Deploy.0 = Debug|x64
		{97FDB493-10FF-49E2-B1BC-AD1FA4991856}.Debug|x86.ActiveCfg = Debug|x86
		{97FDB493-10FF-49E2-B1BC-AD1FA4991856}.Debug|x86.Build.0 = Debug|x86
		{97FDB493-10FF-49E2-B1BC-AD1FA4991856}.Debug|x86.Deploy.0 = Debug|x86
		{97FDB493-10FF-49E2-B1BC-AD1FA4991856}.Release|Any CPU.ActiveCfg = Release|x86
		{97FDB493-10FF-49E2-B1BC-AD1FA4991856}.Release|Any CPU.Build.0 = Release|x86
		{97FDB493-10FF-49E2-B1BC-AD1FA4991856}.Release|Any CPU.Deploy.0 = Release|x86
		{97FDB493-10FF-49E2-B1BC-AD1FA4991856}.Release|ARM.ActiveCfg = Release|ARM
		{97FDB493-10FF-49E2-B1BC-AD1FA4991856}.Release|ARM.Build.0 = Release|ARM
		{97FDB493-10FF-49E2-B1BC-AD1FA4991856}.Release|ARM.Deploy.0 = Release|ARM
		{97FDB493-10FF-49E2-B1BC-AD1FA4991856}.Release|iPhone.ActiveCfg = Release|x86
		{97FDB493-10FF-49E2-B1BC-AD1FA4991856}.Release|iPhone.Build.0 = Release|x86
		{97FDB493-10FF-49E2-B1BC-AD1FA4991856}.Release|iPhone.Deploy.0 = Release|x86
		{97FDB493-10FF-49E2-B1BC-AD1FA4991856}.Release|iPhoneSimulator.ActiveCfg = Release|x86
		{97FDB493-10FF-49E2-B1BC-AD1FA4991856}.Release|iPhoneSimulator.Build.0 = Release|x86
		{97FDB493-10FF-49E2-B1BC-AD1FA4991856}.Release|iPhoneSimulator.Deploy.0 = Release|x86
		{97FDB493-10FF-49E2-B1BC-AD1FA4991856}.Release|x64.ActiveCfg = Release|x64
		{97FDB493-10FF-49E2-B1BC-AD1FA4991856}.Release|x64.Build.0 = Release|x64
		{97FDB493-10FF-49E2-B1BC-AD1FA4991856}.Release|x64.Deploy.0 = Release|x64
		{97FDB493-10FF-49E2-B1BC-AD1FA4991856}.Release|x86.ActiveCfg = Release|x86
		{97FDB493-10FF-49E2-B1BC-AD1FA4991856}.Release|x86.Build.0 = Release|x86
		{97FDB493-10FF-49E2-B1BC-AD1FA4991856}.Release|x86.Deploy.0 = Release|x86
	EndGlobalSection
	GlobalSection(SolutionProperties) = preSolution
		HideSolutionNode = FALSE
	EndGlobalSection
	GlobalSection(ExtensibilityGlobals) = postSolution
		SolutionGuid = {27EEA161-813F-4C2E-87D6-3F5BA493A914}
	EndGlobalSection
EndGlobal
