
Microsoft Visual Studio Solution File, Format Version 12.00
# Visual Studio 15
VisualStudioVersion = 15.0.27703.2035
MinimumVisualStudioVersion = 10.0.40219.1
Project("{FAE04EC0-301F-11D3-BF4B-00C04F79EFBC}") = "App02_TipoPaginaXF.Android", "App02_TipoPaginaXF\App02_TipoPaginaXF.Android\App02_TipoPaginaXF.Android.csproj", "{68B35F17-1812-4621-9A1A-04532C0041EE}"
EndProject
Project("{FAE04EC0-301F-11D3-BF4B-00C04F79EFBC}") = "App02_TipoPaginaXF.iOS", "App02_TipoPaginaXF\App02_TipoPaginaXF.iOS\App02_TipoPaginaXF.iOS.csproj", "{21670405-8E9F-418A-8047-A5B4645BE525}"
EndProject
Project("{FAE04EC0-301F-11D3-BF4B-00C04F79EFBC}") = "App02_TipoPaginaXF.UWP", "App02_TipoPaginaXF\App02_TipoPaginaXF.UWP\App02_TipoPaginaXF.UWP.csproj", "{0E8BA55C-3C4F-47E1-8C79-3DC58249E9EA}"
EndProject
Project("{FAE04EC0-301F-11D3-BF4B-00C04F79EFBC}") = "App02_TipoPaginaXF", "App02_TipoPaginaXF\App02_TipoPaginaXF\App02_TipoPaginaXF.csproj", "{AFAB50C2-9D52-4D47-8595-DE5CF7A0AE1E}"
EndProject
Global
	GlobalSection(SolutionConfigurationPlatforms) = preSolution
		Ad-Hoc|Any CPU = Ad-Hoc|Any CPU
		Ad-Hoc|ARM = Ad-Hoc|ARM
		Ad-Hoc|iPhone = Ad-Hoc|iPhone
		Ad-Hoc|iPhoneSimulator = Ad-Hoc|iPhoneSimulator
		Ad-Hoc|x64 = Ad-Hoc|x64
		Ad-Hoc|x86 = Ad-Hoc|x86
		AppStore|Any CPU = AppStore|Any CPU
		AppStore|ARM = AppStore|ARM
		AppStore|iPhone = AppStore|iPhone
		AppStore|iPhoneSimulator = AppStore|iPhoneSimulator
		AppStore|x64 = AppStore|x64
		AppStore|x86 = AppStore|x86
		Debug|Any CPU = Debug|Any CPU
		Debug|ARM = Debug|ARM
		Debug|iPhone = Debug|iPhone
		Debug|iPhoneSimulator = Debug|iPhoneSimulator
		Debug|x64 = Debug|x64
		Debug|x86 = Debug|x86
		Release|Any CPU = Release|Any CPU
		Release|ARM = Release|ARM
		Release|iPhone = Release|iPhone
		Release|iPhoneSimulator = Release|iPhoneSimulator
		Release|x64 = Release|x64
		Release|x86 = Release|x86
	EndGlobalSection
	GlobalSection(ProjectConfigurationPlatforms) = postSolution
		{68B35F17-1812-4621-9A1A-04532C0041EE}.Ad-Hoc|Any CPU.ActiveCfg = Release|Any CPU
		{68B35F17-1812-4621-9A1A-04532C0041EE}.Ad-Hoc|Any CPU.Build.0 = Release|Any CPU
		{68B35F17-1812-4621-9A1A-04532C0041EE}.Ad-Hoc|Any CPU.Deploy.0 = Release|Any CPU
		{68B35F17-1812-4621-9A1A-04532C0041EE}.Ad-Hoc|ARM.ActiveCfg = Release|Any CPU
		{68B35F17-1812-4621-9A1A-04532C0041EE}.Ad-Hoc|ARM.Build.0 = Release|Any CPU
		{68B35F17-1812-4621-9A1A-04532C0041EE}.Ad-Hoc|ARM.Deploy.0 = Release|Any CPU
		{68B35F17-1812-4621-9A1A-04532C0041EE}.Ad-Hoc|iPhone.ActiveCfg = Release|Any CPU
		{68B35F17-1812-4621-9A1A-04532C0041EE}.Ad-Hoc|iPhone.Build.0 = Release|Any CPU
		{68B35F17-1812-4621-9A1A-04532C0041EE}.Ad-Hoc|iPhone.Deploy.0 = Release|Any CPU
		{68B35F17-1812-4621-9A1A-04532C0041EE}.Ad-Hoc|iPhoneSimulator.ActiveCfg = Release|Any CPU
		{68B35F17-1812-4621-9A1A-04532C0041EE}.Ad-Hoc|iPhoneSimulator.Build.0 = Release|Any CPU
		{68B35F17-1812-4621-9A1A-04532C0041EE}.Ad-Hoc|iPhoneSimulator.Deploy.0 = Release|Any CPU
		{68B35F17-1812-4621-9A1A-04532C0041EE}.Ad-Hoc|x64.ActiveCfg = Release|Any CPU
		{68B35F17-1812-4621-9A1A-04532C0041EE}.Ad-Hoc|x64.Build.0 = Release|Any CPU
		{68B35F17-1812-4621-9A1A-04532C0041EE}.Ad-Hoc|x64.Deploy.0 = Release|Any CPU
		{68B35F17-1812-4621-9A1A-04532C0041EE}.Ad-Hoc|x86.ActiveCfg = Release|Any CPU
		{68B35F17-1812-4621-9A1A-04532C0041EE}.Ad-Hoc|x86.Build.0 = Release|Any CPU
		{68B35F17-1812-4621-9A1A-04532C0041EE}.Ad-Hoc|x86.Deploy.0 = Release|Any CPU
		{68B35F17-1812-4621-9A1A-04532C0041EE}.AppStore|Any CPU.ActiveCfg = Release|Any CPU
		{68B35F17-1812-4621-9A1A-04532C0041EE}.AppStore|Any CPU.Build.0 = Release|Any CPU
		{68B35F17-1812-4621-9A1A-04532C0041EE}.AppStore|Any CPU.Deploy.0 = Release|Any CPU
		{68B35F17-1812-4621-9A1A-04532C0041EE}.AppStore|ARM.ActiveCfg = Release|Any CPU
		{68B35F17-1812-4621-9A1A-04532C0041EE}.AppStore|ARM.Build.0 = Release|Any CPU
		{68B35F17-1812-4621-9A1A-04532C0041EE}.AppStore|ARM.Deploy.0 = Release|Any CPU
		{68B35F17-1812-4621-9A1A-04532C0041EE}.AppStore|iPhone.ActiveCfg = Release|Any CPU
		{68B35F17-1812-4621-9A1A-04532C0041EE}.AppStore|iPhone.Build.0 = Release|Any CPU
		{68B35F17-1812-4621-9A1A-04532C0041EE}.AppStore|iPhone.Deploy.0 = Release|Any CPU
		{68B35F17-1812-4621-9A1A-04532C0041EE}.AppStore|iPhoneSimulator.ActiveCfg = Release|Any CPU
		{68B35F17-1812-4621-9A1A-04532C0041EE}.AppStore|iPhoneSimulator.Build.0 = Release|Any CPU
		{68B35F17-1812-4621-9A1A-04532C0041EE}.AppStore|iPhoneSimulator.Deploy.0 = Release|Any CPU
		{68B35F17-1812-4621-9A1A-04532C0041EE}.AppStore|x64.ActiveCfg = Release|Any CPU
		{68B35F17-1812-4621-9A1A-04532C0041EE}.AppStore|x64.Build.0 = Release|Any CPU
		{68B35F17-1812-4621-9A1A-04532C0041EE}.AppStore|x64.Deploy.0 = Release|Any CPU
		{68B35F17-1812-4621-9A1A-04532C0041EE}.AppStore|x86.ActiveCfg = Release|Any CPU
		{68B35F17-1812-4621-9A1A-04532C0041EE}.AppStore|x86.Build.0 = Release|Any CPU
		{68B35F17-1812-4621-9A1A-04532C0041EE}.AppStore|x86.Deploy.0 = Release|Any CPU
		{68B35F17-1812-4621-9A1A-04532C0041EE}.Debug|Any CPU.ActiveCfg = Debug|Any CPU
		{68B35F17-1812-4621-9A1A-04532C0041EE}.Debug|Any CPU.Build.0 = Debug|Any CPU
		{68B35F17-1812-4621-9A1A-04532C0041EE}.Debug|Any CPU.Deploy.0 = Debug|Any CPU
		{68B35F17-1812-4621-9A1A-04532C0041EE}.Debug|ARM.ActiveCfg = Debug|Any CPU
		{68B35F17-1812-4621-9A1A-04532C0041EE}.Debug|ARM.Build.0 = Debug|Any CPU
		{68B35F17-1812-4621-9A1A-04532C0041EE}.Debug|ARM.Deploy.0 = Debug|Any CPU
		{68B35F17-1812-4621-9A1A-04532C0041EE}.Debug|iPhone.ActiveCfg = Debug|Any CPU
		{68B35F17-1812-4621-9A1A-04532C0041EE}.Debug|iPhone.Build.0 = Debug|Any CPU
		{68B35F17-1812-4621-9A1A-04532C0041EE}.Debug|iPhone.Deploy.0 = Debug|Any CPU
		{68B35F17-1812-4621-9A1A-04532C0041EE}.Debug|iPhoneSimulator.ActiveCfg = Debug|Any CPU
		{68B35F17-1812-4621-9A1A-04532C0041EE}.Debug|iPhoneSimulator.Build.0 = Debug|Any CPU
		{68B35F17-1812-4621-9A1A-04532C0041EE}.Debug|iPhoneSimulator.Deploy.0 = Debug|Any CPU
		{68B35F17-1812-4621-9A1A-04532C0041EE}.Debug|x64.ActiveCfg = Debug|Any CPU
		{68B35F17-1812-4621-9A1A-04532C0041EE}.Debug|x64.Build.0 = Debug|Any CPU
		{68B35F17-1812-4621-9A1A-04532C0041EE}.Debug|x64.Deploy.0 = Debug|Any CPU
		{68B35F17-1812-4621-9A1A-04532C0041EE}.Debug|x86.ActiveCfg = Debug|Any CPU
		{68B35F17-1812-4621-9A1A-04532C0041EE}.Debug|x86.Build.0 = Debug|Any CPU
		{68B35F17-1812-4621-9A1A-04532C0041EE}.Debug|x86.Deploy.0 = Debug|Any CPU
		{68B35F17-1812-4621-9A1A-04532C0041EE}.Release|Any CPU.ActiveCfg = Release|Any CPU
		{68B35F17-1812-4621-9A1A-04532C0041EE}.Release|Any CPU.Build.0 = Release|Any CPU
		{68B35F17-1812-4621-9A1A-04532C0041EE}.Release|Any CPU.Deploy.0 = Release|Any CPU
		{68B35F17-1812-4621-9A1A-04532C0041EE}.Release|ARM.ActiveCfg = Release|Any CPU
		{68B35F17-1812-4621-9A1A-04532C0041EE}.Release|ARM.Build.0 = Release|Any CPU
		{68B35F17-1812-4621-9A1A-04532C0041EE}.Release|ARM.Deploy.0 = Release|Any CPU
		{68B35F17-1812-4621-9A1A-04532C0041EE}.Release|iPhone.ActiveCfg = Release|Any CPU
		{68B35F17-1812-4621-9A1A-04532C0041EE}.Release|iPhone.Build.0 = Release|Any CPU
		{68B35F17-1812-4621-9A1A-04532C0041EE}.Release|iPhone.Deploy.0 = Release|Any CPU
		{68B35F17-1812-4621-9A1A-04532C0041EE}.Release|iPhoneSimulator.ActiveCfg = Release|Any CPU
		{68B35F17-1812-4621-9A1A-04532C0041EE}.Release|iPhoneSimulator.Build.0 = Release|Any CPU
		{68B35F17-1812-4621-9A1A-04532C0041EE}.Release|iPhoneSimulator.Deploy.0 = Release|Any CPU
		{68B35F17-1812-4621-9A1A-04532C0041EE}.Release|x64.ActiveCfg = Release|Any CPU
		{68B35F17-1812-4621-9A1A-04532C0041EE}.Release|x64.Build.0 = Release|Any CPU
		{68B35F17-1812-4621-9A1A-04532C0041EE}.Release|x64.Deploy.0 = Release|Any CPU
		{68B35F17-1812-4621-9A1A-04532C0041EE}.Release|x86.ActiveCfg = Release|Any CPU
		{68B35F17-1812-4621-9A1A-04532C0041EE}.Release|x86.Build.0 = Release|Any CPU
		{68B35F17-1812-4621-9A1A-04532C0041EE}.Release|x86.Deploy.0 = Release|Any CPU
		{21670405-8E9F-418A-8047-A5B4645BE525}.Ad-Hoc|Any CPU.ActiveCfg = Ad-Hoc|iPhone
		{21670405-8E9F-418A-8047-A5B4645BE525}.Ad-Hoc|Any CPU.Build.0 = Ad-Hoc|iPhone
		{21670405-8E9F-418A-8047-A5B4645BE525}.Ad-Hoc|Any CPU.Deploy.0 = Ad-Hoc|iPhone
		{21670405-8E9F-418A-8047-A5B4645BE525}.Ad-Hoc|ARM.ActiveCfg = Ad-Hoc|iPhone
		{21670405-8E9F-418A-8047-A5B4645BE525}.Ad-Hoc|ARM.Build.0 = Ad-Hoc|iPhone
		{21670405-8E9F-418A-8047-A5B4645BE525}.Ad-Hoc|ARM.Deploy.0 = Ad-Hoc|iPhone
		{21670405-8E9F-418A-8047-A5B4645BE525}.Ad-Hoc|iPhone.ActiveCfg = Ad-Hoc|iPhone
		{21670405-8E9F-418A-8047-A5B4645BE525}.Ad-Hoc|iPhone.Build.0 = Ad-Hoc|iPhone
		{21670405-8E9F-418A-8047-A5B4645BE525}.Ad-Hoc|iPhone.Deploy.0 = Ad-Hoc|iPhone
		{21670405-8E9F-418A-8047-A5B4645BE525}.Ad-Hoc|iPhoneSimulator.ActiveCfg = Ad-Hoc|iPhoneSimulator
		{21670405-8E9F-418A-8047-A5B4645BE525}.Ad-Hoc|iPhoneSimulator.Build.0 = Ad-Hoc|iPhoneSimulator
		{21670405-8E9F-418A-8047-A5B4645BE525}.Ad-Hoc|iPhoneSimulator.Deploy.0 = Ad-Hoc|iPhoneSimulator
		{21670405-8E9F-418A-8047-A5B4645BE525}.Ad-Hoc|x64.ActiveCfg = Ad-Hoc|iPhone
		{21670405-8E9F-418A-8047-A5B4645BE525}.Ad-Hoc|x64.Build.0 = Ad-Hoc|iPhone
		{21670405-8E9F-418A-8047-A5B4645BE525}.Ad-Hoc|x64.Deploy.0 = Ad-Hoc|iPhone
		{21670405-8E9F-418A-8047-A5B4645BE525}.Ad-Hoc|x86.ActiveCfg = Ad-Hoc|iPhone
		{21670405-8E9F-418A-8047-A5B4645BE525}.Ad-Hoc|x86.Build.0 = Ad-Hoc|iPhone
		{21670405-8E9F-418A-8047-A5B4645BE525}.Ad-Hoc|x86.Deploy.0 = Ad-Hoc|iPhone
		{21670405-8E9F-418A-8047-A5B4645BE525}.AppStore|Any CPU.ActiveCfg = AppStore|iPhone
		{21670405-8E9F-418A-8047-A5B4645BE525}.AppStore|Any CPU.Build.0 = AppStore|iPhone
		{21670405-8E9F-418A-8047-A5B4645BE525}.AppStore|Any CPU.Deploy.0 = AppStore|iPhone
		{21670405-8E9F-418A-8047-A5B4645BE525}.AppStore|ARM.ActiveCfg = AppStore|iPhone
		{21670405-8E9F-418A-8047-A5B4645BE525}.AppStore|ARM.Build.0 = AppStore|iPhone
		{21670405-8E9F-418A-8047-A5B4645BE525}.AppStore|ARM.Deploy.0 = AppStore|iPhone
		{21670405-8E9F-418A-8047-A5B4645BE525}.AppStore|iPhone.ActiveCfg = AppStore|iPhone
		{21670405-8E9F-418A-8047-A5B4645BE525}.AppStore|iPhone.Build.0 = AppStore|iPhone
		{21670405-8E9F-418A-8047-A5B4645BE525}.AppStore|iPhone.Deploy.0 = AppStore|iPhone
		{21670405-8E9F-418A-8047-A5B4645BE525}.AppStore|iPhoneSimulator.ActiveCfg = AppStore|iPhoneSimulator
		{21670405-8E9F-418A-8047-A5B4645BE525}.AppStore|iPhoneSimulator.Build.0 = AppStore|iPhoneSimulator
		{21670405-8E9F-418A-8047-A5B4645BE525}.AppStore|iPhoneSimulator.Deploy.0 = AppStore|iPhoneSimulator
		{21670405-8E9F-418A-8047-A5B4645BE525}.AppStore|x64.ActiveCfg = AppStore|iPhone
		{21670405-8E9F-418A-8047-A5B4645BE525}.AppStore|x64.Build.0 = AppStore|iPhone
		{21670405-8E9F-418A-8047-A5B4645BE525}.AppStore|x64.Deploy.0 = AppStore|iPhone
		{21670405-8E9F-418A-8047-A5B4645BE525}.AppStore|x86.ActiveCfg = AppStore|iPhone
		{21670405-8E9F-418A-8047-A5B4645BE525}.AppStore|x86.Build.0 = AppStore|iPhone
		{21670405-8E9F-418A-8047-A5B4645BE525}.AppStore|x86.Deploy.0 = AppStore|iPhone
		{21670405-8E9F-418A-8047-A5B4645BE525}.Debug|Any CPU.ActiveCfg = Debug|iPhoneSimulator
		{21670405-8E9F-418A-8047-A5B4645BE525}.Debug|Any CPU.Build.0 = Debug|iPhoneSimulator
		{21670405-8E9F-418A-8047-A5B4645BE525}.Debug|Any CPU.Deploy.0 = Debug|iPhoneSimulator
		{21670405-8E9F-418A-8047-A5B4645BE525}.Debug|ARM.ActiveCfg = Debug|iPhone
		{21670405-8E9F-418A-8047-A5B4645BE525}.Debug|ARM.Build.0 = Debug|iPhone
		{21670405-8E9F-418A-8047-A5B4645BE525}.Debug|ARM.Deploy.0 = Debug|iPhone
		{21670405-8E9F-418A-8047-A5B4645BE525}.Debug|iPhone.ActiveCfg = Debug|iPhone
		{21670405-8E9F-418A-8047-A5B4645BE525}.Debug|iPhone.Build.0 = Debug|iPhone
		{21670405-8E9F-418A-8047-A5B4645BE525}.Debug|iPhone.Deploy.0 = Debug|iPhone
		{21670405-8E9F-418A-8047-A5B4645BE525}.Debug|iPhoneSimulator.ActiveCfg = Debug|iPhoneSimulator
		{21670405-8E9F-418A-8047-A5B4645BE525}.Debug|iPhoneSimulator.Build.0 = Debug|iPhoneSimulator
		{21670405-8E9F-418A-8047-A5B4645BE525}.Debug|iPhoneSimulator.Deploy.0 = Debug|iPhoneSimulator
		{21670405-8E9F-418A-8047-A5B4645BE525}.Debug|x64.ActiveCfg = Debug|iPhone
		{21670405-8E9F-418A-8047-A5B4645BE525}.Debug|x64.Build.0 = Debug|iPhone
		{21670405-8E9F-418A-8047-A5B4645BE525}.Debug|x64.Deploy.0 = Debug|iPhone
		{21670405-8E9F-418A-8047-A5B4645BE525}.Debug|x86.ActiveCfg = Debug|iPhone
		{21670405-8E9F-418A-8047-A5B4645BE525}.Debug|x86.Build.0 = Debug|iPhone
		{21670405-8E9F-418A-8047-A5B4645BE525}.Debug|x86.Deploy.0 = Debug|iPhone
		{21670405-8E9F-418A-8047-A5B4645BE525}.Release|Any CPU.ActiveCfg = Release|iPhone
		{21670405-8E9F-418A-8047-A5B4645BE525}.Release|Any CPU.Build.0 = Release|iPhone
		{21670405-8E9F-418A-8047-A5B4645BE525}.Release|Any CPU.Deploy.0 = Release|iPhone
		{21670405-8E9F-418A-8047-A5B4645BE525}.Release|ARM.ActiveCfg = Release|iPhone
		{21670405-8E9F-418A-8047-A5B4645BE525}.Release|ARM.Build.0 = Release|iPhone
		{21670405-8E9F-418A-8047-A5B4645BE525}.Release|ARM.Deploy.0 = Release|iPhone
		{21670405-8E9F-418A-8047-A5B4645BE525}.Release|iPhone.ActiveCfg = Release|iPhone
		{21670405-8E9F-418A-8047-A5B4645BE525}.Release|iPhone.Build.0 = Release|iPhone
		{21670405-8E9F-418A-8047-A5B4645BE525}.Release|iPhone.Deploy.0 = Release|iPhone
		{21670405-8E9F-418A-8047-A5B4645BE525}.Release|iPhoneSimulator.ActiveCfg = Release|iPhoneSimulator
		{21670405-8E9F-418A-8047-A5B4645BE525}.Release|iPhoneSimulator.Build.0 = Release|iPhoneSimulator
		{21670405-8E9F-418A-8047-A5B4645BE525}.Release|iPhoneSimulator.Deploy.0 = Release|iPhoneSimulator
		{21670405-8E9F-418A-8047-A5B4645BE525}.Release|x64.ActiveCfg = Release|iPhone
		{21670405-8E9F-418A-8047-A5B4645BE525}.Release|x64.Build.0 = Release|iPhone
		{21670405-8E9F-418A-8047-A5B4645BE525}.Release|x64.Deploy.0 = Release|iPhone
		{21670405-8E9F-418A-8047-A5B4645BE525}.Release|x86.ActiveCfg = Release|iPhone
		{21670405-8E9F-418A-8047-A5B4645BE525}.Release|x86.Build.0 = Release|iPhone
		{21670405-8E9F-418A-8047-A5B4645BE525}.Release|x86.Deploy.0 = Release|iPhone
		{0E8BA55C-3C4F-47E1-8C79-3DC58249E9EA}.Ad-Hoc|Any CPU.ActiveCfg = Release|x86
		{0E8BA55C-3C4F-47E1-8C79-3DC58249E9EA}.Ad-Hoc|Any CPU.Build.0 = Release|x86
		{0E8BA55C-3C4F-47E1-8C79-3DC58249E9EA}.Ad-Hoc|Any CPU.Deploy.0 = Release|x86
		{0E8BA55C-3C4F-47E1-8C79-3DC58249E9EA}.Ad-Hoc|ARM.ActiveCfg = Release|ARM
		{0E8BA55C-3C4F-47E1-8C79-3DC58249E9EA}.Ad-Hoc|ARM.Build.0 = Release|ARM
		{0E8BA55C-3C4F-47E1-8C79-3DC58249E9EA}.Ad-Hoc|ARM.Deploy.0 = Release|ARM
		{0E8BA55C-3C4F-47E1-8C79-3DC58249E9EA}.Ad-Hoc|iPhone.ActiveCfg = Release|x86
		{0E8BA55C-3C4F-47E1-8C79-3DC58249E9EA}.Ad-Hoc|iPhone.Build.0 = Release|x86
		{0E8BA55C-3C4F-47E1-8C79-3DC58249E9EA}.Ad-Hoc|iPhone.Deploy.0 = Release|x86
		{0E8BA55C-3C4F-47E1-8C79-3DC58249E9EA}.Ad-Hoc|iPhoneSimulator.ActiveCfg = Release|x86
		{0E8BA55C-3C4F-47E1-8C79-3DC58249E9EA}.Ad-Hoc|iPhoneSimulator.Build.0 = Release|x86
		{0E8BA55C-3C4F-47E1-8C79-3DC58249E9EA}.Ad-Hoc|iPhoneSimulator.Deploy.0 = Release|x86
		{0E8BA55C-3C4F-47E1-8C79-3DC58249E9EA}.Ad-Hoc|x64.ActiveCfg = Release|x64
		{0E8BA55C-3C4F-47E1-8C79-3DC58249E9EA}.Ad-Hoc|x64.Build.0 = Release|x64
		{0E8BA55C-3C4F-47E1-8C79-3DC58249E9EA}.Ad-Hoc|x64.Deploy.0 = Release|x64
		{0E8BA55C-3C4F-47E1-8C79-3DC58249E9EA}.Ad-Hoc|x86.ActiveCfg = Release|x86
		{0E8BA55C-3C4F-47E1-8C79-3DC58249E9EA}.Ad-Hoc|x86.Build.0 = Release|x86
		{0E8BA55C-3C4F-47E1-8C79-3DC58249E9EA}.Ad-Hoc|x86.Deploy.0 = Release|x86
		{0E8BA55C-3C4F-47E1-8C79-3DC58249E9EA}.AppStore|Any CPU.ActiveCfg = Release|x86
		{0E8BA55C-3C4F-47E1-8C79-3DC58249E9EA}.AppStore|Any CPU.Build.0 = Release|x86
		{0E8BA55C-3C4F-47E1-8C79-3DC58249E9EA}.AppStore|Any CPU.Deploy.0 = Release|x86
		{0E8BA55C-3C4F-47E1-8C79-3DC58249E9EA}.AppStore|ARM.ActiveCfg = Release|ARM
		{0E8BA55C-3C4F-47E1-8C79-3DC58249E9EA}.AppStore|ARM.Build.0 = Release|ARM
		{0E8BA55C-3C4F-47E1-8C79-3DC58249E9EA}.AppStore|ARM.Deploy.0 = Release|ARM
		{0E8BA55C-3C4F-47E1-8C79-3DC58249E9EA}.AppStore|iPhone.ActiveCfg = Release|x86
		{0E8BA55C-3C4F-47E1-8C79-3DC58249E9EA}.AppStore|iPhone.Build.0 = Release|x86
		{0E8BA55C-3C4F-47E1-8C79-3DC58249E9EA}.AppStore|iPhone.Deploy.0 = Release|x86
		{0E8BA55C-3C4F-47E1-8C79-3DC58249E9EA}.AppStore|iPhoneSimulator.ActiveCfg = Release|x86
		{0E8BA55C-3C4F-47E1-8C79-3DC58249E9EA}.AppStore|iPhoneSimulator.Build.0 = Release|x86
		{0E8BA55C-3C4F-47E1-8C79-3DC58249E9EA}.AppStore|iPhoneSimulator.Deploy.0 = Release|x86
		{0E8BA55C-3C4F-47E1-8C79-3DC58249E9EA}.AppStore|x64.ActiveCfg = Release|x64
		{0E8BA55C-3C4F-47E1-8C79-3DC58249E9EA}.AppStore|x64.Build.0 = Release|x64
		{0E8BA55C-3C4F-47E1-8C79-3DC58249E9EA}.AppStore|x64.Deploy.0 = Release|x64
		{0E8BA55C-3C4F-47E1-8C79-3DC58249E9EA}.AppStore|x86.ActiveCfg = Release|x86
		{0E8BA55C-3C4F-47E1-8C79-3DC58249E9EA}.AppStore|x86.Build.0 = Release|x86
		{0E8BA55C-3C4F-47E1-8C79-3DC58249E9EA}.AppStore|x86.Deploy.0 = Release|x86
		{0E8BA55C-3C4F-47E1-8C79-3DC58249E9EA}.Debug|Any CPU.ActiveCfg = Debug|x86
		{0E8BA55C-3C4F-47E1-8C79-3DC58249E9EA}.Debug|Any CPU.Build.0 = Debug|x86
		{0E8BA55C-3C4F-47E1-8C79-3DC58249E9EA}.Debug|Any CPU.Deploy.0 = Debug|x86
		{0E8BA55C-3C4F-47E1-8C79-3DC58249E9EA}.Debug|ARM.ActiveCfg = Debug|ARM
		{0E8BA55C-3C4F-47E1-8C79-3DC58249E9EA}.Debug|ARM.Build.0 = Debug|ARM
		{0E8BA55C-3C4F-47E1-8C79-3DC58249E9EA}.Debug|ARM.Deploy.0 = Debug|ARM
		{0E8BA55C-3C4F-47E1-8C79-3DC58249E9EA}.Debug|iPhone.ActiveCfg = Debug|x86
		{0E8BA55C-3C4F-47E1-8C79-3DC58249E9EA}.Debug|iPhone.Build.0 = Debug|x86
		{0E8BA55C-3C4F-47E1-8C79-3DC58249E9EA}.Debug|iPhone.Deploy.0 = Debug|x86
		{0E8BA55C-3C4F-47E1-8C79-3DC58249E9EA}.Debug|iPhoneSimulator.ActiveCfg = Debug|x86
		{0E8BA55C-3C4F-47E1-8C79-3DC58249E9EA}.Debug|iPhoneSimulator.Build.0 = Debug|x86
		{0E8BA55C-3C4F-47E1-8C79-3DC58249E9EA}.Debug|iPhoneSimulator.Deploy.0 = Debug|x86
		{0E8BA55C-3C4F-47E1-8C79-3DC58249E9EA}.Debug|x64.ActiveCfg = Debug|x64
		{0E8BA55C-3C4F-47E1-8C79-3DC58249E9EA}.Debug|x64.Build.0 = Debug|x64
		{0E8BA55C-3C4F-47E1-8C79-3DC58249E9EA}.Debug|x64.Deploy.0 = Debug|x64
		{0E8BA55C-3C4F-47E1-8C79-3DC58249E9EA}.Debug|x86.ActiveCfg = Debug|x86
		{0E8BA55C-3C4F-47E1-8C79-3DC58249E9EA}.Debug|x86.Build.0 = Debug|x86
		{0E8BA55C-3C4F-47E1-8C79-3DC58249E9EA}.Debug|x86.Deploy.0 = Debug|x86
		{0E8BA55C-3C4F-47E1-8C79-3DC58249E9EA}.Release|Any CPU.ActiveCfg = Release|x86
		{0E8BA55C-3C4F-47E1-8C79-3DC58249E9EA}.Release|Any CPU.Build.0 = Release|x86
		{0E8BA55C-3C4F-47E1-8C79-3DC58249E9EA}.Release|Any CPU.Deploy.0 = Release|x86
		{0E8BA55C-3C4F-47E1-8C79-3DC58249E9EA}.Release|ARM.ActiveCfg = Release|ARM
		{0E8BA55C-3C4F-47E1-8C79-3DC58249E9EA}.Release|ARM.Build.0 = Release|ARM
		{0E8BA55C-3C4F-47E1-8C79-3DC58249E9EA}.Release|ARM.Deploy.0 = Release|ARM
		{0E8BA55C-3C4F-47E1-8C79-3DC58249E9EA}.Release|iPhone.ActiveCfg = Release|x86
		{0E8BA55C-3C4F-47E1-8C79-3DC58249E9EA}.Release|iPhone.Build.0 = Release|x86
		{0E8BA55C-3C4F-47E1-8C79-3DC58249E9EA}.Release|iPhone.Deploy.0 = Release|x86
		{0E8BA55C-3C4F-47E1-8C79-3DC58249E9EA}.Release|iPhoneSimulator.ActiveCfg = Release|x86
		{0E8BA55C-3C4F-47E1-8C79-3DC58249E9EA}.Release|iPhoneSimulator.Build.0 = Release|x86
		{0E8BA55C-3C4F-47E1-8C79-3DC58249E9EA}.Release|iPhoneSimulator.Deploy.0 = Release|x86
		{0E8BA55C-3C4F-47E1-8C79-3DC58249E9EA}.Release|x64.ActiveCfg = Release|x64
		{0E8BA55C-3C4F-47E1-8C79-3DC58249E9EA}.Release|x64.Build.0 = Release|x64
		{0E8BA55C-3C4F-47E1-8C79-3DC58249E9EA}.Release|x64.Deploy.0 = Release|x64
		{0E8BA55C-3C4F-47E1-8C79-3DC58249E9EA}.Release|x86.ActiveCfg = Release|x86
		{0E8BA55C-3C4F-47E1-8C79-3DC58249E9EA}.Release|x86.Build.0 = Release|x86
		{0E8BA55C-3C4F-47E1-8C79-3DC58249E9EA}.Release|x86.Deploy.0 = Release|x86
		{AFAB50C2-9D52-4D47-8595-DE5CF7A0AE1E}.Ad-Hoc|Any CPU.ActiveCfg = Debug|Any CPU
		{AFAB50C2-9D52-4D47-8595-DE5CF7A0AE1E}.Ad-Hoc|Any CPU.Build.0 = Debug|Any CPU
		{AFAB50C2-9D52-4D47-8595-DE5CF7A0AE1E}.Ad-Hoc|Any CPU.Deploy.0 = Debug|Any CPU
		{AFAB50C2-9D52-4D47-8595-DE5CF7A0AE1E}.Ad-Hoc|ARM.ActiveCfg = Debug|Any CPU
		{AFAB50C2-9D52-4D47-8595-DE5CF7A0AE1E}.Ad-Hoc|ARM.Build.0 = Debug|Any CPU
		{AFAB50C2-9D52-4D47-8595-DE5CF7A0AE1E}.Ad-Hoc|ARM.Deploy.0 = Debug|Any CPU
		{AFAB50C2-9D52-4D47-8595-DE5CF7A0AE1E}.Ad-Hoc|iPhone.ActiveCfg = Debug|Any CPU
		{AFAB50C2-9D52-4D47-8595-DE5CF7A0AE1E}.Ad-Hoc|iPhone.Build.0 = Debug|Any CPU
		{AFAB50C2-9D52-4D47-8595-DE5CF7A0AE1E}.Ad-Hoc|iPhone.Deploy.0 = Debug|Any CPU
		{AFAB50C2-9D52-4D47-8595-DE5CF7A0AE1E}.Ad-Hoc|iPhoneSimulator.ActiveCfg = Debug|Any CPU
		{AFAB50C2-9D52-4D47-8595-DE5CF7A0AE1E}.Ad-Hoc|iPhoneSimulator.Build.0 = Debug|Any CPU
		{AFAB50C2-9D52-4D47-8595-DE5CF7A0AE1E}.Ad-Hoc|iPhoneSimulator.Deploy.0 = Debug|Any CPU
		{AFAB50C2-9D52-4D47-8595-DE5CF7A0AE1E}.Ad-Hoc|x64.ActiveCfg = Debug|Any CPU
		{AFAB50C2-9D52-4D47-8595-DE5CF7A0AE1E}.Ad-Hoc|x64.Build.0 = Debug|Any CPU
		{AFAB50C2-9D52-4D47-8595-DE5CF7A0AE1E}.Ad-Hoc|x64.Deploy.0 = Debug|Any CPU
		{AFAB50C2-9D52-4D47-8595-DE5CF7A0AE1E}.Ad-Hoc|x86.ActiveCfg = Debug|Any CPU
		{AFAB50C2-9D52-4D47-8595-DE5CF7A0AE1E}.Ad-Hoc|x86.Build.0 = Debug|Any CPU
		{AFAB50C2-9D52-4D47-8595-DE5CF7A0AE1E}.Ad-Hoc|x86.Deploy.0 = Debug|Any CPU
		{AFAB50C2-9D52-4D47-8595-DE5CF7A0AE1E}.AppStore|Any CPU.ActiveCfg = Debug|Any CPU
		{AFAB50C2-9D52-4D47-8595-DE5CF7A0AE1E}.AppStore|Any CPU.Build.0 = Debug|Any CPU
		{AFAB50C2-9D52-4D47-8595-DE5CF7A0AE1E}.AppStore|Any CPU.Deploy.0 = Debug|Any CPU
		{AFAB50C2-9D52-4D47-8595-DE5CF7A0AE1E}.AppStore|ARM.ActiveCfg = Debug|Any CPU
		{AFAB50C2-9D52-4D47-8595-DE5CF7A0AE1E}.AppStore|ARM.Build.0 = Debug|Any CPU
		{AFAB50C2-9D52-4D47-8595-DE5CF7A0AE1E}.AppStore|ARM.Deploy.0 = Debug|Any CPU
		{AFAB50C2-9D52-4D47-8595-DE5CF7A0AE1E}.AppStore|iPhone.ActiveCfg = Debug|Any CPU
		{AFAB50C2-9D52-4D47-8595-DE5CF7A0AE1E}.AppStore|iPhone.Build.0 = Debug|Any CPU
		{AFAB50C2-9D52-4D47-8595-DE5CF7A0AE1E}.AppStore|iPhone.Deploy.0 = Debug|Any CPU
		{AFAB50C2-9D52-4D47-8595-DE5CF7A0AE1E}.AppStore|iPhoneSimulator.ActiveCfg = Debug|Any CPU
		{AFAB50C2-9D52-4D47-8595-DE5CF7A0AE1E}.AppStore|iPhoneSimulator.Build.0 = Debug|Any CPU
		{AFAB50C2-9D52-4D47-8595-DE5CF7A0AE1E}.AppStore|iPhoneSimulator.Deploy.0 = Debug|Any CPU
		{AFAB50C2-9D52-4D47-8595-DE5CF7A0AE1E}.AppStore|x64.ActiveCfg = Debug|Any CPU
		{AFAB50C2-9D52-4D47-8595-DE5CF7A0AE1E}.AppStore|x64.Build.0 = Debug|Any CPU
		{AFAB50C2-9D52-4D47-8595-DE5CF7A0AE1E}.AppStore|x64.Deploy.0 = Debug|Any CPU
		{AFAB50C2-9D52-4D47-8595-DE5CF7A0AE1E}.AppStore|x86.ActiveCfg = Debug|Any CPU
		{AFAB50C2-9D52-4D47-8595-DE5CF7A0AE1E}.AppStore|x86.Build.0 = Debug|Any CPU
		{AFAB50C2-9D52-4D47-8595-DE5CF7A0AE1E}.AppStore|x86.Deploy.0 = Debug|Any CPU
		{AFAB50C2-9D52-4D47-8595-DE5CF7A0AE1E}.Debug|Any CPU.ActiveCfg = Debug|Any CPU
		{AFAB50C2-9D52-4D47-8595-DE5CF7A0AE1E}.Debug|Any CPU.Build.0 = Debug|Any CPU
		{AFAB50C2-9D52-4D47-8595-DE5CF7A0AE1E}.Debug|Any CPU.Deploy.0 = Debug|Any CPU
		{AFAB50C2-9D52-4D47-8595-DE5CF7A0AE1E}.Debug|ARM.ActiveCfg = Debug|Any CPU
		{AFAB50C2-9D52-4D47-8595-DE5CF7A0AE1E}.Debug|ARM.Build.0 = Debug|Any CPU
		{AFAB50C2-9D52-4D47-8595-DE5CF7A0AE1E}.Debug|ARM.Deploy.0 = Debug|Any CPU
		{AFAB50C2-9D52-4D47-8595-DE5CF7A0AE1E}.Debug|iPhone.ActiveCfg = Debug|Any CPU
		{AFAB50C2-9D52-4D47-8595-DE5CF7A0AE1E}.Debug|iPhone.Build.0 = Debug|Any CPU
		{AFAB50C2-9D52-4D47-8595-DE5CF7A0AE1E}.Debug|iPhone.Deploy.0 = Debug|Any CPU
		{AFAB50C2-9D52-4D47-8595-DE5CF7A0AE1E}.Debug|iPhoneSimulator.ActiveCfg = Debug|Any CPU
		{AFAB50C2-9D52-4D47-8595-DE5CF7A0AE1E}.Debug|iPhoneSimulator.Build.0 = Debug|Any CPU
		{AFAB50C2-9D52-4D47-8595-DE5CF7A0AE1E}.Debug|iPhoneSimulator.Deploy.0 = Debug|Any CPU
		{AFAB50C2-9D52-4D47-8595-DE5CF7A0AE1E}.Debug|x64.ActiveCfg = Debug|Any CPU
		{AFAB50C2-9D52-4D47-8595-DE5CF7A0AE1E}.Debug|x64.Build.0 = Debug|Any CPU
		{AFAB50C2-9D52-4D47-8595-DE5CF7A0AE1E}.Debug|x64.Deploy.0 = Debug|Any CPU
		{AFAB50C2-9D52-4D47-8595-DE5CF7A0AE1E}.Debug|x86.ActiveCfg = Debug|Any CPU
		{AFAB50C2-9D52-4D47-8595-DE5CF7A0AE1E}.Debug|x86.Build.0 = Debug|Any CPU
		{AFAB50C2-9D52-4D47-8595-DE5CF7A0AE1E}.Debug|x86.Deploy.0 = Debug|Any CPU
		{AFAB50C2-9D52-4D47-8595-DE5CF7A0AE1E}.Release|Any CPU.ActiveCfg = Release|Any CPU
		{AFAB50C2-9D52-4D47-8595-DE5CF7A0AE1E}.Release|Any CPU.Build.0 = Release|Any CPU
		{AFAB50C2-9D52-4D47-8595-DE5CF7A0AE1E}.Release|Any CPU.Deploy.0 = Release|Any CPU
		{AFAB50C2-9D52-4D47-8595-DE5CF7A0AE1E}.Release|ARM.ActiveCfg = Release|Any CPU
		{AFAB50C2-9D52-4D47-8595-DE5CF7A0AE1E}.Release|ARM.Build.0 = Release|Any CPU
		{AFAB50C2-9D52-4D47-8595-DE5CF7A0AE1E}.Release|ARM.Deploy.0 = Release|Any CPU
		{AFAB50C2-9D52-4D47-8595-DE5CF7A0AE1E}.Release|iPhone.ActiveCfg = Release|Any CPU
		{AFAB50C2-9D52-4D47-8595-DE5CF7A0AE1E}.Release|iPhone.Build.0 = Release|Any CPU
		{AFAB50C2-9D52-4D47-8595-DE5CF7A0AE1E}.Release|iPhone.Deploy.0 = Release|Any CPU
		{AFAB50C2-9D52-4D47-8595-DE5CF7A0AE1E}.Release|iPhoneSimulator.ActiveCfg = Release|Any CPU
		{AFAB50C2-9D52-4D47-8595-DE5CF7A0AE1E}.Release|iPhoneSimulator.Build.0 = Release|Any CPU
		{AFAB50C2-9D52-4D47-8595-DE5CF7A0AE1E}.Release|iPhoneSimulator.Deploy.0 = Release|Any CPU
		{AFAB50C2-9D52-4D47-8595-DE5CF7A0AE1E}.Release|x64.ActiveCfg = Release|Any CPU
		{AFAB50C2-9D52-4D47-8595-DE5CF7A0AE1E}.Release|x64.Build.0 = Release|Any CPU
		{AFAB50C2-9D52-4D47-8595-DE5CF7A0AE1E}.Release|x64.Deploy.0 = Release|Any CPU
		{AFAB50C2-9D52-4D47-8595-DE5CF7A0AE1E}.Release|x86.ActiveCfg = Release|Any CPU
		{AFAB50C2-9D52-4D47-8595-DE5CF7A0AE1E}.Release|x86.Build.0 = Release|Any CPU
		{AFAB50C2-9D52-4D47-8595-DE5CF7A0AE1E}.Release|x86.Deploy.0 = Release|Any CPU
	EndGlobalSection
	GlobalSection(SolutionProperties) = preSolution
		HideSolutionNode = FALSE
	EndGlobalSection
	GlobalSection(ExtensibilityGlobals) = postSolution
		SolutionGuid = {469AF09D-67A7-43E2-B12D-08C9F20FEB01}
	EndGlobalSection
EndGlobal
